// !$*UTF8*$!
{
	archiveVersion = 1;
	classes = {
	};
	objectVersion = 50;
	objects = {

/* Begin PBXBuildFile section */
		BCE049EF24C0DE7C00FB0F3C /* AppDelegate.swift in Sources */ = {isa = PBXBuildFile; fileRef = BCE049EE24C0DE7C00FB0F3C /* AppDelegate.swift */; };
		BCE049F124C0DE7C00FB0F3C /* SceneDelegate.swift in Sources */ = {isa = PBXBuildFile; fileRef = BCE049F024C0DE7C00FB0F3C /* SceneDelegate.swift */; };
		BCE049F324C0DE7C00FB0F3C /* ContentView.swift in Sources */ = {isa = PBXBuildFile; fileRef = BCE049F224C0DE7C00FB0F3C /* ContentView.swift */; };
		BCE049F524C0DE7E00FB0F3C /* Assets.xcassets in Resources */ = {isa = PBXBuildFile; fileRef = BCE049F424C0DE7E00FB0F3C /* Assets.xcassets */; };
		BCE049F824C0DE7E00FB0F3C /* Preview Assets.xcassets in Resources */ = {isa = PBXBuildFile; fileRef = BCE049F724C0DE7E00FB0F3C /* Preview Assets.xcassets */; };
		BCE049FB24C0DE7E00FB0F3C /* LaunchScreen.storyboard in Resources */ = {isa = PBXBuildFile; fileRef = BCE049F924C0DE7E00FB0F3C /* LaunchScreen.storyboard */; };
/* End PBXBuildFile section */

/* Begin PBXFileReference section */
		BC68B07B24C15F4D00E269B0 /* WeSplit13.entitlements */ = {isa = PBXFileReference; lastKnownFileType = text.plist.entitlements; path = WeSplit13.entitlements; sourceTree = "<group>"; };
		BCE049EB24C0DE7C00FB0F3C /* WeSplit13.app */ = {isa = PBXFileReference; explicitFileType = wrapper.application; includeInIndex = 0; path = WeSplit13.app; sourceTree = BUILT_PRODUCTS_DIR; };
		BCE049EE24C0DE7C00FB0F3C /* AppDelegate.swift */ = {isa = PBXFileReference; lastKnownFileType = sourcecode.swift; path = AppDelegate.swift; sourceTree = "<group>"; };
		BCE049F024C0DE7C00FB0F3C /* SceneDelegate.swift */ = {isa = PBXFileReference; lastKnownFileType = sourcecode.swift; path = SceneDelegate.swift; sourceTree = "<group>"; };
		BCE049F224C0DE7C00FB0F3C /* ContentView.swift */ = {isa = PBXFileReference; lastKnownFileType = sourcecode.swift; path = ContentView.swift; sourceTree = "<group>"; };
		BCE049F424C0DE7E00FB0F3C /* Assets.xcassets */ = {isa = PBXFileReference; lastKnownFileType = folder.assetcatalog; path = Assets.xcassets; sourceTree = "<group>"; };
		BCE049F724C0DE7E00FB0F3C /* Preview Assets.xcassets */ = {isa = PBXFileReference; lastKnownFileType = folder.assetcatalog; path = "Preview Assets.xcassets"; sourceTree = "<group>"; };
		BCE049FA24C0DE7E00FB0F3C /* Base */ = {isa = PBXFileReference; lastKnownFileType = file.storyboard; name = Base; path = Base.lproj/LaunchScreen.storyboard; sourceTree = "<group>"; };
		BCE049FC24C0DE7E00FB0F3C /* Info.plist */ = {isa = PBXFileReference; lastKnownFileType = text.plist.xml; path = Info.plist; sourceTree = "<group>"; };
/* End PBXFileReference section */

/* Begin PBXFrameworksBuildPhase section */
		BCE049E824C0DE7C00FB0F3C /* Frameworks */ = {
			isa = PBXFrameworksBuildPhase;
			buildActionMask = 2147483647;
			files = (
			);
			runOnlyForDeploymentPostprocessing = 0;
		};
/* End PBXFrameworksBuildPhase section */

/* Begin PBXGroup section */
		BCE049E224C0DE7C00FB0F3C = {
			isa = PBXGroup;
			children = (
				BCE049ED24C0DE7C00FB0F3C /* WeSplit13 */,
				BCE049EC24C0DE7C00FB0F3C /* Products */,
			);
			sourceTree = "<group>";
		};
		BCE049EC24C0DE7C00FB0F3C /* Products */ = {
			isa = PBXGroup;
			children = (
				BCE049EB24C0DE7C00FB0F3C /* WeSplit13.app */,
			);
			name = Products;
			sourceTree = "<group>";
		};
		BCE049ED24C0DE7C00FB0F3C /* WeSplit13 */ = {
			isa = PBXGroup;
			children = (
				BC68B07B24C15F4D00E269B0 /* WeSplit13.entitlements */,
				BCE049EE24C0DE7C00FB0F3C /* AppDelegate.swift */,
				BCE049F024C0DE7C00FB0F3C /* SceneDelegate.swift */,
				BCE049F224C0DE7C00FB0F3C /* ContentView.swift */,
				BCE049F424C0DE7E00FB0F3C /* Assets.xcassets */,
				BCE049F924C0DE7E00FB0F3C /* LaunchScreen.storyboard */,
				BCE049FC24C0DE7E00FB0F3C /* Info.plist */,
				BCE049F624C0DE7E00FB0F3C /* Preview Content */,
			);
			path = WeSplit13;
			sourceTree = "<group>";
		};
		BCE049F624C0DE7E00FB0F3C /* Preview Content */ = {
			isa = PBXGroup;
			children = (
				BCE049F724C0DE7E00FB0F3C /* Preview Assets.xcassets */,
			);
			path = "Preview Content";
			sourceTree = "<group>";
		};
/* End PBXGroup section */

/* Begin PBXNativeTarget section */
		BCE049EA24C0DE7C00FB0F3C /* WeSplit13 */ = {
			isa = PBXNativeTarget;
			buildConfigurationList = BCE049FF24C0DE7E00FB0F3C /* Build configuration list for PBXNativeTarget "WeSplit13" */;
			buildPhases = (
				BCE049E724C0DE7C00FB0F3C /* Sources */,
				BCE049E824C0DE7C00FB0F3C /* Frameworks */,
				BCE049E924C0DE7C00FB0F3C /* Resources */,
			);
			buildRules = (
			);
			dependencies = (
			);
			name = WeSplit13;
			productName = WeSplit13;
			productReference = BCE049EB24C0DE7C00FB0F3C /* WeSplit13.app */;
			productType = "com.apple.product-type.application";
		};
/* End PBXNativeTarget section */

/* Begin PBXProject section */
		BCE049E324C0DE7C00FB0F3C /* Project object */ = {
			isa = PBXProject;
			attributes = {
				LastSwiftUpdateCheck = 1160;
				LastUpgradeCheck = 1160;
				ORGANIZATIONNAME = "Talha Basit";
				TargetAttributes = {
					BCE049EA24C0DE7C00FB0F3C = {
						CreatedOnToolsVersion = 11.6;
					};
				};
			};
			buildConfigurationList = BCE049E624C0DE7C00FB0F3C /* Build configuration list for PBXProject "WeSplit13" */;
			compatibilityVersion = "Xcode 9.3";
			developmentRegion = en;
			hasScannedForEncodings = 0;
			knownRegions = (
				en,
				Base,
			);
			mainGroup = BCE049E224C0DE7C00FB0F3C;
			productRefGroup = BCE049EC24C0DE7C00FB0F3C /* Products */;
			projectDirPath = "";
			projectRoot = "";
			targets = (
				BCE049EA24C0DE7C00FB0F3C /* WeSplit13 */,
			);
		};
/* End PBXProject section */

/* Begin PBXResourcesBuildPhase section */
		BCE049E924C0DE7C00FB0F3C /* Resources */ = {
			isa = PBXResourcesBuildPhase;
			buildActionMask = 2147483647;
			files = (
				BCE049FB24C0DE7E00FB0F3C /* LaunchScreen.storyboard in Resources */,
				BCE049F824C0DE7E00FB0F3C /* Preview Assets.xcassets in Resources */,
				BCE049F524C0DE7E00FB0F3C /* Assets.xcassets in Resources */,
			);
			runOnlyForDeploymentPostprocessing = 0;
		};
/* End PBXResourcesBuildPhase section */

/* Begin PBXSourcesBuildPhase section */
		BCE049E724C0DE7C00FB0F3C /* Sources */ = {
			isa = PBXSourcesBuildPhase;
			buildActionMask = 2147483647;
			files = (
				BCE049EF24C0DE7C00FB0F3C /* AppDelegate.swift in Sources */,
				BCE049F124C0DE7C00FB0F3C /* SceneDelegate.swift in Sources */,
				BCE049F324C0DE7C00FB0F3C /* ContentView.swift in Sources */,
			);
			runOnlyForDeploymentPostprocessing = 0;
		};
/* End PBXSourcesBuildPhase section */

/* Begin PBXVariantGroup section */
		BCE049F924C0DE7E00FB0F3C /* LaunchScreen.storyboard */ = {
			isa = PBXVariantGroup;
			children = (
				BCE049FA24C0DE7E00FB0F3C /* Base */,
			);
			name = LaunchScreen.storyboard;
			sourceTree = "<group>";
		};
/* End PBXVariantGroup section */

/* Begin XCBuildConfiguration section */
		BCE049FD24C0DE7E00FB0F3C /* Debug */ = {
			isa = XCBuildConfiguration;
			buildSettings = {
				ALWAYS_SEARCH_USER_PATHS = NO;
				CLANG_ANALYZER_NONNULL = YES;
				CLANG_ANALYZER_NUMBER_OBJECT_CONVERSION = YES_AGGRESSIVE;
				CLANG_CXX_LANGUAGE_STANDARD = "gnu++14";
				CLANG_CXX_LIBRARY = "libc++";
				CLANG_ENABLE_MODULES = YES;
				CLANG_ENABLE_OBJC_ARC = YES;
				CLANG_ENABLE_OBJC_WEAK = YES;
				CLANG_WARN_BLOCK_CAPTURE_AUTORELEASING = YES;
				CLANG_WARN_BOOL_CONVERSION = YES;
				CLANG_WARN_COMMA = YES;
				CLANG_WARN_CONSTANT_CONVERSION = YES;
				CLANG_WARN_DEPRECATED_OBJC_IMPLEMENTATIONS = YES;
				CLANG_WARN_DIRECT_OBJC_ISA_USAGE = YES_ERROR;
				CLANG_WARN_DOCUMENTATION_COMMENTS = YES;
				CLANG_WARN_EMPTY_BODY = YES;
				CLANG_WARN_ENUM_CONVERSION = YES;
				CLANG_WARN_INFINITE_RECURSION = YES;
				CLANG_WARN_INT_CONVERSION = YES;
				CLANG_WARN_NON_LITERAL_NULL_CONVERSION = YES;
				CLANG_WARN_OBJC_IMPLICIT_RETAIN_SELF = YES;
				CLANG_WARN_OBJC_LITERAL_CONVERSION = YES;
				CLANG_WARN_OBJC_ROOT_CLASS = YES_ERROR;
				CLANG_WARN_RANGE_LOOP_ANALYSIS = YES;
				CLANG_WARN_STRICT_PROTOTYPES = YES;
				CLANG_WARN_SUSPICIOUS_MOVE = YES;
				CLANG_WARN_UNGUARDED_AVAILABILITY = YES_AGGRESSIVE;
				CLANG_WARN_UNREACHABLE_CODE = YES;
				CLANG_WARN__DUPLICATE_METHOD_MATCH = YES;
				COPY_PHASE_STRIP = NO;
				DEBUG_INFORMATION_FORMAT = dwarf;
				ENABLE_STRICT_OBJC_MSGSEND = YES;
				ENABLE_TESTABILITY = YES;
				GCC_C_LANGUAGE_STANDARD = gnu11;
				GCC_DYNAMIC_NO_PIC = NO;
				GCC_NO_COMMON_BLOCKS = YES;
				GCC_OPTIMIZATION_LEVEL = 0;
				GCC_PREPROCESSOR_DEFINITIONS = (
					"DEBUG=1",
					"$(inherited)",
				);
				GCC_WARN_64_TO_32_BIT_CONVERSION = YES;
				GCC_WARN_ABOUT_RETURN_TYPE = YES_ERROR;
				GCC_WARN_UNDECLARED_SELECTOR = YES;
				GCC_WARN_UNINITIALIZED_AUTOS = YES_AGGRESSIVE;
				GCC_WARN_UNUSED_FUNCTION = YES;
				GCC_WARN_UNUSED_VARIABLE = YES;
				IPHONEOS_DEPLOYMENT_TARGET = 13.6;
				MTL_ENABLE_DEBUG_INFO = INCLUDE_SOURCE;
				MTL_FAST_MATH = YES;
				ONLY_ACTIVE_ARCH = YES;
				SDKROOT = iphoneos;
				SWIFT_ACTIVE_COMPILATION_CONDITIONS = DEBUG;
				SWIFT_OPTIMIZATION_LEVEL = "-Onone";
			};
			name = Debug;
		};
		BCE049FE24C0DE7E00FB0F3C /* Release */ = {
			isa = XCBuildConfiguration;
			buildSettings = {
				ALWAYS_SEARCH_USER_PATHS = NO;
				CLANG_ANALYZER_NONNULL = YES;
				CLANG_ANALYZER_NUMBER_OBJECT_CONVERSION = YES_AGGRESSIVE;
				CLANG_CXX_LANGUAGE_STANDARD = "gnu++14";
				CLANG_CXX_LIBRARY = "libc++";
				CLANG_ENABLE_MODULES = YES;
				CLANG_ENABLE_OBJC_ARC = YES;
				CLANG_ENABLE_OBJC_WEAK = YES;
				CLANG_WARN_BLOCK_CAPTURE_AUTORELEASING = YES;
				CLANG_WARN_BOOL_CONVERSION = YES;
				CLANG_WARN_COMMA = YES;
				CLANG_WARN_CONSTANT_CONVERSION = YES;
				CLANG_WARN_DEPRECATED_OBJC_IMPLEMENTATIONS = YES;
				CLANG_WARN_DIRECT_OBJC_ISA_USAGE = YES_ERROR;
				CLANG_WARN_DOCUMENTATION_COMMENTS = YES;
				CLANG_WARN_EMPTY_BODY = YES;
				CLANG_WARN_ENUM_CONVERSION = YES;
				CLANG_WARN_INFINITE_RECURSION = YES;
				CLANG_WARN_INT_CONVERSION = YES;
				CLANG_WARN_NON_LITERAL_NULL_CONVERSION = YES;
				CLANG_WARN_OBJC_IMPLICIT_RETAIN_SELF = YES;
				CLANG_WARN_OBJC_LITERAL_CONVERSION = YES;
				CLANG_WARN_OBJC_ROOT_CLASS = YES_ERROR;
				CLANG_WARN_RANGE_LOOP_ANALYSIS = YES;
				CLANG_WARN_STRICT_PROTOTYPES = YES;
				CLANG_WARN_SUSPICIOUS_MOVE = YES;
				CLANG_WARN_UNGUARDED_AVAILABILITY = YES_AGGRESSIVE;
				CLANG_WARN_UNREACHABLE_CODE = YES;
				CLANG_WARN__DUPLICATE_METHOD_MATCH = YES;
				COPY_PHASE_STRIP = NO;
				DEBUG_INFORMATION_FORMAT = "dwarf-with-dsym";
				ENABLE_NS_ASSERTIONS = NO;
				ENABLE_STRICT_OBJC_MSGSEND = YES;
				GCC_C_LANGUAGE_STANDARD = gnu11;
				GCC_NO_COMMON_BLOCKS = YES;
				GCC_WARN_64_TO_32_BIT_CONVERSION = YES;
				GCC_WARN_ABOUT_RETURN_TYPE = YES_ERROR;
				GCC_WARN_UNDECLARED_SELECTOR = YES;
				GCC_WARN_UNINITIALIZED_AUTOS = YES_AGGRESSIVE;
				GCC_WARN_UNUSED_FUNCTION = YES;
				GCC_WARN_UNUSED_VARIABLE = YES;
				IPHONEOS_DEPLOYMENT_TARGET = 13.6;
				MTL_ENABLE_DEBUG_INFO = NO;
				MTL_FAST_MATH = YES;
				SDKROOT = iphoneos;
				SWIFT_COMPILATION_MODE = wholemodule;
				SWIFT_OPTIMIZATION_LEVEL = "-O";
				VALIDATE_PRODUCT = YES;
			};
			name = Release;
		};
		BCE04A0024C0DE7E00FB0F3C /* Debug */ = {
			isa = XCBuildConfiguration;
			buildSettings = {
				ASSETCATALOG_COMPILER_APPICON_NAME = AppIcon;
				CODE_SIGN_ENTITLEMENTS = WeSplit13/WeSplit13.entitlements;
				CODE_SIGN_STYLE = Automatic;
				DEVELOPMENT_ASSET_PATHS = "\"WeSplit13/Preview Content\"";
				DEVELOPMENT_TEAM = GFA37KUS6W;
				ENABLE_PREVIEWS = YES;
				INFOPLIST_FILE = WeSplit13/Info.plist;
				IPHONEOS_DEPLOYMENT_TARGET = 13.1;
				LD_RUNPATH_SEARCH_PATHS = (
					"$(inherited)",
					"@executable_path/Frameworks",
				);
				PRODUCT_BUNDLE_IDENTIFIER = com.spiraldot.wesplit13.WeSplit13;
				PRODUCT_NAME = "$(TARGET_NAME)";
				SUPPORTS_MACCATALYST = YES;
				SWIFT_VERSION = 5.0;
				TARGETED_DEVICE_FAMILY = "1,2";
			};
			name = Debug;
		};
		BCE04A0124C0DE7E00FB0F3C /* Release */ = {
			isa = XCBuildConfiguration;
			buildSettings = {
				ASSETCATALOG_COMPILER_APPICON_NAME = AppIcon;
				CODE_SIGN_ENTITLEMENTS = WeSplit13/WeSplit13.entitlements;
				CODE_SIGN_STYLE = Automatic;
				DEVELOPMENT_ASSET_PATHS = "\"WeSplit13/Preview Content\"";
				DEVELOPMENT_TEAM = GFA37KUS6W;
				ENABLE_PREVIEWS = YES;
				INFOPLIST_FILE = WeSplit13/Info.plist;
				IPHONEOS_DEPLOYMENT_TARGET = 13.1;
				LD_RUNPATH_SEARCH_PATHS = (
					"$(inherited)",
					"@executable_path/Frameworks",
				);
				PRODUCT_BUNDLE_IDENTIFIER = com.spiraldot.wesplit13.WeSplit13;
				PRODUCT_NAME = "$(TARGET_NAME)";
				SUPPORTS_MACCATALYST = YES;
				SWIFT_VERSION = 5.0;
				TARGETED_DEVICE_FAMILY = "1,2";
			};
			name = Release;
		};
/* End XCBuildConfiguration section */

/* Begin XCConfigurationList section */
		BCE049E624C0DE7C00FB0F3C /* Build configuration list for PBXProject "WeSplit13" */ = {
			isa = XCConfigurationList;
			buildConfigurations = (
				BCE049FD24C0DE7E00FB0F3C /* Debug */,
				BCE049FE24C0DE7E00FB0F3C /* Release */,
			);
			defaultConfigurationIsVisible = 0;
			defaultConfigurationName = Release;
		};
		BCE049FF24C0DE7E00FB0F3C /* Build configuration list for PBXNativeTarget "WeSplit13" */ = {
			isa = XCConfigurationList;
			buildConfigurations = (
				BCE04A0024C0DE7E00FB0F3C /* Debug */,
				BCE04A0124C0DE7E00FB0F3C /* Release */,
			);
			defaultConfigurationIsVisible = 0;
			defaultConfigurationName = Release;
		};
/* End XCConfigurationList section */
	};
	rootObject = BCE049E324C0DE7C00FB0F3C /* Project object */;
}
